
Microsoft Visual Studio Solution File, Format Version 12.00
# Visual Studio Version 16
VisualStudioVersion = 16.0.30517.126
MinimumVisualStudioVersion = 10.0.40219.1
Project("{9A19103F-16F7-4668-BE54-9A1E7A4F7556}") = "HelloWorld", "CSharpCh2Ex\HelloWorld.csproj", "{F1645E91-0E5E-4F04-B3BE-CA5736A870C4}"
EndProject
Project("{9A19103F-16F7-4668-BE54-9A1E7A4F7556}") = "MoreNumericTypes", "MoreNumericTypes\MoreNumericTypes.csproj", "{725C61EE-008D-486F-A850-4C69643F804E}"
EndProject
Project("{9A19103F-16F7-4668-BE54-9A1E7A4F7556}") = "NumericTypes", "NumericTypes\NumericTypes.csproj", "{1823F98E-85DC-45DF-A8C5-3D58FC8F3EC2}"
EndProject
Project("{9A19103F-16F7-4668-BE54-9A1E7A4F7556}") = "strings", "strings\strings.csproj", "{F502967C-532B-4A83-87AB-7686CB12D248}"
EndProject
Global
	GlobalSection(SolutionConfigurationPlatforms) = preSolution
		Debug|Any CPU = Debug|Any CPU
		Release|Any CPU = Release|Any CPU
	EndGlobalSection
	GlobalSection(ProjectConfigurationPlatforms) = postSolution
		{F1645E91-0E5E-4F04-B3BE-CA5736A870C4}.Debug|Any CPU.ActiveCfg = Debug|Any CPU
		{F1645E91-0E5E-4F04-B3BE-CA5736A870C4}.Debug|Any CPU.Build.0 = Debug|Any CPU
		{F1645E91-0E5E-4F04-B3BE-CA5736A870C4}.Release|Any CPU.ActiveCfg = Release|Any CPU
		{F1645E91-0E5E-4F04-B3BE-CA5736A870C4}.Release|Any CPU.Build.0 = Release|Any CPU
		{725C61EE-008D-486F-A850-4C69643F804E}.Debug|Any CPU.ActiveCfg = Debug|Any CPU
		{725C61EE-008D-486F-A850-4C69643F804E}.Debug|Any CPU.Build.0 = Debug|Any CPU
		{725C61EE-008D-486F-A850-4C69643F804E}.Release|Any CPU.ActiveCfg = Release|Any CPU
		{725C61EE-008D-486F-A850-4C69643F804E}.Release|Any CPU.Build.0 = Release|Any CPU
		{1823F98E-85DC-45DF-A8C5-3D58FC8F3EC2}.Debug|Any CPU.ActiveCfg = Debug|Any CPU
		{1823F98E-85DC-45DF-A8C5-3D58FC8F3EC2}.Debug|Any CPU.Build.0 = Debug|Any CPU
		{1823F98E-85DC-45DF-A8C5-3D58FC8F3EC2}.Release|Any CPU.ActiveCfg = Release|Any CPU
		{1823F98E-85DC-45DF-A8C5-3D58FC8F3EC2}.Release|Any CPU.Build.0 = Release|Any CPU
		{F502967C-532B-4A83-87AB-7686CB12D248}.Debug|Any CPU.ActiveCfg = Debug|Any CPU
		{F502967C-532B-4A83-87AB-7686CB12D248}.Debug|Any CPU.Build.0 = Debug|Any CPU
		{F502967C-532B-4A83-87AB-7686CB12D248}.Release|Any CPU.ActiveCfg = Release|Any CPU
		{F502967C-532B-4A83-87AB-7686CB12D248}.Release|Any CPU.Build.0 = Release|Any CPU
	EndGlobalSection
	GlobalSection(SolutionProperties) = preSolution
		HideSolutionNode = FALSE
	EndGlobalSection
	GlobalSection(ExtensibilityGlobals) = postSolution
		SolutionGuid = {ED1FFAF0-41B0-4850-9DA1-40028E4379DA}
	EndGlobalSection
EndGlobal
